// !$*UTF8*$!
{
	archiveVersion = 1;
	classes = {
	};
	objectVersion = 77;
	objects = {

/* Begin PBXContainerItemProxy section */
		9147808E2E3C25E900E2255A /* PBXContainerItemProxy */ = {
			isa = PBXContainerItemProxy;
			containerPortal = 914780782E3C25E700E2255A /* Project object */;
			proxyType = 1;
			remoteGlobalIDString = 9147807F2E3C25E700E2255A;
			remoteInfo = "Resolver-ios";
		};
		914780982E3C25E900E2255A /* PBXContainerItemProxy */ = {
			isa = PBXContainerItemProxy;
			containerPortal = 914780782E3C25E700E2255A /* Project object */;
			proxyType = 1;
			remoteGlobalIDString = 9147807F2E3C25E700E2255A;
			remoteInfo = "Resolver-ios";
		};
/* End PBXContainerItemProxy section */

/* Begin PBXFileReference section */
		914780802E3C25E700E2255A /* Resolver-ios.app */ = {isa = PBXFileReference; explicitFileType = wrapper.application; includeInIndex = 0; path = "Resolver-ios.app"; sourceTree = BUILT_PRODUCTS_DIR; };
		9147808D2E3C25E900E2255A /* Resolver-iosTests.xctest */ = {isa = PBXFileReference; explicitFileType = wrapper.cfbundle; includeInIndex = 0; path = "Resolver-iosTests.xctest"; sourceTree = BUILT_PRODUCTS_DIR; };
		914780972E3C25E900E2255A /* Resolver-iosUITests.xctest */ = {isa = PBXFileReference; explicitFileType = wrapper.cfbundle; includeInIndex = 0; path = "Resolver-iosUITests.xctest"; sourceTree = BUILT_PRODUCTS_DIR; };
/* End PBXFileReference section */

/* Begin PBXFileSystemSynchronizedRootGroup section */
		914780822E3C25E700E2255A /* Resolver-ios */ = {
			isa = PBXFileSystemSynchronizedRootGroup;
			path = "Resolver-ios";
			sourceTree = "<group>";
		};
		914780902E3C25E900E2255A /* Resolver-iosTests */ = {
			isa = PBXFileSystemSynchronizedRootGroup;
			path = "Resolver-iosTests";
			sourceTree = "<group>";
		};
		9147809A2E3C25E900E2255A /* Resolver-iosUITests */ = {
			isa = PBXFileSystemSynchronizedRootGroup;
			path = "Resolver-iosUITests";
			sourceTree = "<group>";
		};
/* End PBXFileSystemSynchronizedRootGroup section */

/* Begin PBXFrameworksBuildPhase section */
		9147807D2E3C25E700E2255A /* Frameworks */ = {
			isa = PBXFrameworksBuildPhase;
			buildActionMask = 2147483647;
			files = (
			);
			runOnlyForDeploymentPostprocessing = 0;
		};
		9147808A2E3C25E900E2255A /* Frameworks */ = {
			isa = PBXFrameworksBuildPhase;
			buildActionMask = 2147483647;
			files = (
			);
			runOnlyForDeploymentPostprocessing = 0;
		};
		914780942E3C25E900E2255A /* Frameworks */ = {
			isa = PBXFrameworksBuildPhase;
			buildActionMask = 2147483647;
			files = (
			);
			runOnlyForDeploymentPostprocessing = 0;
		};
/* End PBXFrameworksBuildPhase section */

/* Begin PBXGroup section */
		914780772E3C25E700E2255A = {
			isa = PBXGroup;
			children = (
				914780822E3C25E700E2255A /* Resolver-ios */,
				914780902E3C25E900E2255A /* Resolver-iosTests */,
				9147809A2E3C25E900E2255A /* Resolver-iosUITests */,
				914780812E3C25E700E2255A /* Products */,
			);
			sourceTree = "<group>";
		};
		914780812E3C25E700E2255A /* Products */ = {
			isa = PBXGroup;
			children = (
				914780802E3C25E700E2255A /* Resolver-ios.app */,
				9147808D2E3C25E900E2255A /* Resolver-iosTests.xctest */,
				914780972E3C25E900E2255A /* Resolver-iosUITests.xctest */,
			);
			name = Products;
			sourceTree = "<group>";
		};
/* End PBXGroup section */

/* Begin PBXNativeTarget section */
		9147807F2E3C25E700E2255A /* Resolver-ios */ = {
			isa = PBXNativeTarget;
			buildConfigurationList = 914780A12E3C25E900E2255A /* Build configuration list for PBXNativeTarget "Resolver-ios" */;
			buildPhases = (
				9147807C2E3C25E700E2255A /* Sources */,
				9147807D2E3C25E700E2255A /* Frameworks */,
				9147807E2E3C25E700E2255A /* Resources */,
			);
			buildRules = (
			);
			dependencies = (
			);
			fileSystemSynchronizedGroups = (
				914780822E3C25E700E2255A /* Resolver-ios */,
			);
			name = "Resolver-ios";
			packageProductDependencies = (
			);
			productName = "Resolver-ios";
			productReference = 914780802E3C25E700E2255A /* Resolver-ios.app */;
			productType = "com.apple.product-type.application";
		};
		9147808C2E3C25E900E2255A /* Resolver-iosTests */ = {
			isa = PBXNativeTarget;
			buildConfigurationList = 914780A42E3C25E900E2255A /* Build configuration list for PBXNativeTarget "Resolver-iosTests" */;
			buildPhases = (
				914780892E3C25E900E2255A /* Sources */,
				9147808A2E3C25E900E2255A /* Frameworks */,
				9147808B2E3C25E900E2255A /* Resources */,
			);
			buildRules = (
			);
			dependencies = (
				9147808F2E3C25E900E2255A /* PBXTargetDependency */,
			);
			fileSystemSynchronizedGroups = (
				914780902E3C25E900E2255A /* Resolver-iosTests */,
			);
			name = "Resolver-iosTests";
			packageProductDependencies = (
			);
			productName = "Resolver-iosTests";
			productReference = 9147808D2E3C25E900E2255A /* Resolver-iosTests.xctest */;
			productType = "com.apple.product-type.bundle.unit-test";
		};
		914780962E3C25E900E2255A /* Resolver-iosUITests */ = {
			isa = PBXNativeTarget;
			buildConfigurationList = 914780A72E3C25E900E2255A /* Build configuration list for PBXNativeTarget "Resolver-iosUITests" */;
			buildPhases = (
				914780932E3C25E900E2255A /* Sources */,
				914780942E3C25E900E2255A /* Frameworks */,
				914780952E3C25E900E2255A /* Resources */,
			);
			buildRules = (
			);
			dependencies = (
				914780992E3C25E900E2255A /* PBXTargetDependency */,
			);
			fileSystemSynchronizedGroups = (
				9147809A2E3C25E900E2255A /* Resolver-iosUITests */,
			);
			name = "Resolver-iosUITests";
			packageProductDependencies = (
			);
			productName = "Resolver-iosUITests";
			productReference = 914780972E3C25E900E2255A /* Resolver-iosUITests.xctest */;
			productType = "com.apple.product-type.bundle.ui-testing";
		};
/* End PBXNativeTarget section */

/* Begin PBXProject section */
		914780782E3C25E700E2255A /* Project object */ = {
			isa = PBXProject;
			attributes = {
				BuildIndependentTargetsInParallel = 1;
				LastSwiftUpdateCheck = 1640;
				LastUpgradeCheck = 1640;
				TargetAttributes = {
					9147807F2E3C25E700E2255A = {
						CreatedOnToolsVersion = 16.4;
					};
					9147808C2E3C25E900E2255A = {
						CreatedOnToolsVersion = 16.4;
						TestTargetID = 9147807F2E3C25E700E2255A;
					};
					914780962E3C25E900E2255A = {
						CreatedOnToolsVersion = 16.4;
						TestTargetID = 9147807F2E3C25E700E2255A;
					};
				};
			};
			buildConfigurationList = 9147807B2E3C25E700E2255A /* Build configuration list for PBXProject "Resolver-ios" */;
			developmentRegion = en;
			hasScannedForEncodings = 0;
			knownRegions = (
				en,
				Base,
			);
			mainGroup = 914780772E3C25E700E2255A;
			minimizedProjectReferenceProxies = 1;
			preferredProjectObjectVersion = 77;
			productRefGroup = 914780812E3C25E700E2255A /* Products */;
			projectDirPath = "";
			projectRoot = "";
			targets = (
				9147807F2E3C25E700E2255A /* Resolver-ios */,
				9147808C2E3C25E900E2255A /* Resolver-iosTests */,
				914780962E3C25E900E2255A /* Resolver-iosUITests */,
			);
		};
/* End PBXProject section */

/* Begin PBXResourcesBuildPhase section */
		9147807E2E3C25E700E2255A /* Resources */ = {
			isa = PBXResourcesBuildPhase;
			buildActionMask = 2147483647;
			files = (
			);
			runOnlyForDeploymentPostprocessing = 0;
		};
		9147808B2E3C25E900E2255A /* Resources */ = {
			isa = PBXResourcesBuildPhase;
			buildActionMask = 2147483647;
			files = (
			);
			runOnlyForDeploymentPostprocessing = 0;
		};
		914780952E3C25E900E2255A /* Resources */ = {
			isa = PBXResourcesBuildPhase;
			buildActionMask = 2147483647;
			files = (
			);
			runOnlyForDeploymentPostprocessing = 0;
		};
/* End PBXResourcesBuildPhase section */

/* Begin PBXSourcesBuildPhase section */
		9147807C2E3C25E700E2255A /* Sources */ = {
			isa = PBXSourcesBuildPhase;
			buildActionMask = 2147483647;
			files = (
			);
			runOnlyForDeploymentPostprocessing = 0;
		};
		914780892E3C25E900E2255A /* Sources */ = {
			isa = PBXSourcesBuildPhase;
			buildActionMask = 2147483647;
			files = (
			);
			runOnlyForDeploymentPostprocessing = 0;
		};
		914780932E3C25E900E2255A /* Sources */ = {
			isa = PBXSourcesBuildPhase;
			buildActionMask = 2147483647;
			files = (
			);
			runOnlyForDeploymentPostprocessing = 0;
		};
/* End PBXSourcesBuildPhase section */

/* Begin PBXTargetDependency section */
		9147808F2E3C25E900E2255A /* PBXTargetDependency */ = {
			isa = PBXTargetDependency;
			target = 9147807F2E3C25E700E2255A /* Resolver-ios */;
			targetProxy = 9147808E2E3C25E900E2255A /* PBXContainerItemProxy */;
		};
		914780992E3C25E900E2255A /* PBXTargetDependency */ = {
			isa = PBXTargetDependency;
			target = 9147807F2E3C25E700E2255A /* Resolver-ios */;
			targetProxy = 914780982E3C25E900E2255A /* PBXContainerItemProxy */;
		};
/* End PBXTargetDependency section */

/* Begin XCBuildConfiguration section */
		9147809F2E3C25E900E2255A /* Debug */ = {
			isa = XCBuildConfiguration;
			buildSettings = {
				ALWAYS_SEARCH_USER_PATHS = NO;
				ASSETCATALOG_COMPILER_GENERATE_SWIFT_ASSET_SYMBOL_EXTENSIONS = YES;
				CLANG_ANALYZER_NONNULL = YES;
				CLANG_ANALYZER_NUMBER_OBJECT_CONVERSION = YES_AGGRESSIVE;
				CLANG_CXX_LANGUAGE_STANDARD = "gnu++20";
				CLANG_ENABLE_MODULES = YES;
				CLANG_ENABLE_OBJC_ARC = YES;
				CLANG_ENABLE_OBJC_WEAK = YES;
				CLANG_WARN_BLOCK_CAPTURE_AUTORELEASING = YES;
				CLANG_WARN_BOOL_CONVERSION = YES;
				CLANG_WARN_COMMA = YES;
				CLANG_WARN_CONSTANT_CONVERSION = YES;
				CLANG_WARN_DEPRECATED_OBJC_IMPLEMENTATIONS = YES;
				CLANG_WARN_DIRECT_OBJC_ISA_USAGE = YES_ERROR;
				CLANG_WARN_DOCUMENTATION_COMMENTS = YES;
				CLANG_WARN_EMPTY_BODY = YES;
				CLANG_WARN_ENUM_CONVERSION = YES;
				CLANG_WARN_INFINITE_RECURSION = YES;
				CLANG_WARN_INT_CONVERSION = YES;
				CLANG_WARN_NON_LITERAL_NULL_CONVERSION = YES;
				CLANG_WARN_OBJC_IMPLICIT_RETAIN_SELF = YES;
				CLANG_WARN_OBJC_LITERAL_CONVERSION = YES;
				CLANG_WARN_OBJC_ROOT_CLASS = YES_ERROR;
				CLANG_WARN_QUOTED_INCLUDE_IN_FRAMEWORK_HEADER = YES;
				CLANG_WARN_RANGE_LOOP_ANALYSIS = YES;
				CLANG_WARN_STRICT_PROTOTYPES = YES;
				CLANG_WARN_SUSPICIOUS_MOVE = YES;
				CLANG_WARN_UNGUARDED_AVAILABILITY = YES_AGGRESSIVE;
				CLANG_WARN_UNREACHABLE_CODE = YES;
				CLANG_WARN__DUPLICATE_METHOD_MATCH = YES;
				COPY_PHASE_STRIP = NO;
				DEBUG_INFORMATION_FORMAT = dwarf;
				ENABLE_STRICT_OBJC_MSGSEND = YES;
				ENABLE_TESTABILITY = YES;
				ENABLE_USER_SCRIPT_SANDBOXING = YES;
				GCC_C_LANGUAGE_STANDARD = gnu17;
				GCC_DYNAMIC_NO_PIC = NO;
				GCC_NO_COMMON_BLOCKS = YES;
				GCC_OPTIMIZATION_LEVEL = 0;
				GCC_PREPROCESSOR_DEFINITIONS = (
					"DEBUG=1",
					"$(inherited)",
				);
				GCC_WARN_64_TO_32_BIT_CONVERSION = YES;
				GCC_WARN_ABOUT_RETURN_TYPE = YES_ERROR;
				GCC_WARN_UNDECLARED_SELECTOR = YES;
				GCC_WARN_UNINITIALIZED_AUTOS = YES_AGGRESSIVE;
				GCC_WARN_UNUSED_FUNCTION = YES;
				GCC_WARN_UNUSED_VARIABLE = YES;
				IPHONEOS_DEPLOYMENT_TARGET = 18.5;
				LOCALIZATION_PREFERS_STRING_CATALOGS = YES;
				MTL_ENABLE_DEBUG_INFO = INCLUDE_SOURCE;
				MTL_FAST_MATH = YES;
				ONLY_ACTIVE_ARCH = YES;
				SDKROOT = iphoneos;
				SWIFT_ACTIVE_COMPILATION_CONDITIONS = "DEBUG $(inherited)";
				SWIFT_OPTIMIZATION_LEVEL = "-Onone";
			};
			name = Debug;
		};
		914780A02E3C25E900E2255A /* Release */ = {
			isa = XCBuildConfiguration;
			buildSettings = {
				ALWAYS_SEARCH_USER_PATHS = NO;
				ASSETCATALOG_COMPILER_GENERATE_SWIFT_ASSET_SYMBOL_EXTENSIONS = YES;
				CLANG_ANALYZER_NONNULL = YES;
				CLANG_ANALYZER_NUMBER_OBJECT_CONVERSION = YES_AGGRESSIVE;
				CLANG_CXX_LANGUAGE_STANDARD = "gnu++20";
				CLANG_ENABLE_MODULES = YES;
				CLANG_ENABLE_OBJC_ARC = YES;
				CLANG_ENABLE_OBJC_WEAK = YES;
				CLANG_WARN_BLOCK_CAPTURE_AUTORELEASING = YES;
				CLANG_WARN_BOOL_CONVERSION = YES;
				CLANG_WARN_COMMA = YES;
				CLANG_WARN_CONSTANT_CONVERSION = YES;
				CLANG_WARN_DEPRECATED_OBJC_IMPLEMENTATIONS = YES;
				CLANG_WARN_DIRECT_OBJC_ISA_USAGE = YES_ERROR;
				CLANG_WARN_DOCUMENTATION_COMMENTS = YES;
				CLANG_WARN_EMPTY_BODY = YES;
				CLANG_WARN_ENUM_CONVERSION = YES;
				CLANG_WARN_INFINITE_RECURSION = YES;
				CLANG_WARN_INT_CONVERSION = YES;
				CLANG_WARN_NON_LITERAL_NULL_CONVERSION = YES;
				CLANG_WARN_OBJC_IMPLICIT_RETAIN_SELF = YES;
				CLANG_WARN_OBJC_LITERAL_CONVERSION = YES;
				CLANG_WARN_OBJC_ROOT_CLASS = YES_ERROR;
				CLANG_WARN_QUOTED_INCLUDE_IN_FRAMEWORK_HEADER = YES;
				CLANG_WARN_RANGE_LOOP_ANALYSIS = YES;
				CLANG_WARN_STRICT_PROTOTYPES = YES;
				CLANG_WARN_SUSPICIOUS_MOVE = YES;
				CLANG_WARN_UNGUARDED_AVAILABILITY = YES_AGGRESSIVE;
				CLANG_WARN_UNREACHABLE_CODE = YES;
				CLANG_WARN__DUPLICATE_METHOD_MATCH = YES;
				COPY_PHASE_STRIP = NO;
				DEBUG_INFORMATION_FORMAT = "dwarf-with-dsym";
				ENABLE_NS_ASSERTIONS = NO;
				ENABLE_STRICT_OBJC_MSGSEND = YES;
				ENABLE_USER_SCRIPT_SANDBOXING = YES;
				GCC_C_LANGUAGE_STANDARD = gnu17;
				GCC_NO_COMMON_BLOCKS = YES;
				GCC_WARN_64_TO_32_BIT_CONVERSION = YES;
				GCC_WARN_ABOUT_RETURN_TYPE = YES_ERROR;
				GCC_WARN_UNDECLARED_SELECTOR = YES;
				GCC_WARN_UNINITIALIZED_AUTOS = YES_AGGRESSIVE;
				GCC_WARN_UNUSED_FUNCTION = YES;
				GCC_WARN_UNUSED_VARIABLE = YES;
				IPHONEOS_DEPLOYMENT_TARGET = 18.5;
				LOCALIZATION_PREFERS_STRING_CATALOGS = YES;
				MTL_ENABLE_DEBUG_INFO = NO;
				MTL_FAST_MATH = YES;
				SDKROOT = iphoneos;
				SWIFT_COMPILATION_MODE = wholemodule;
				VALIDATE_PRODUCT = YES;
			};
			name = Release;
		};
		914780A22E3C25E900E2255A /* Debug */ = {
			isa = XCBuildConfiguration;
			buildSettings = {
				ASSETCATALOG_COMPILER_APPICON_NAME = AppIcon;
				ASSETCATALOG_COMPILER_GLOBAL_ACCENT_COLOR_NAME = AccentColor;
				CODE_SIGN_STYLE = Automatic;
				CURRENT_PROJECT_VERSION = 1;
				ENABLE_PREVIEWS = YES;
				GENERATE_INFOPLIST_FILE = YES;
				INFOPLIST_KEY_UIApplicationSceneManifest_Generation = YES;
				INFOPLIST_KEY_UIApplicationSupportsIndirectInputEvents = YES;
				INFOPLIST_KEY_UILaunchScreen_Generation = YES;
				INFOPLIST_KEY_UISupportedInterfaceOrientations_iPad = "UIInterfaceOrientationPortrait UIInterfaceOrientationPortraitUpsideDown UIInterfaceOrientationLandscapeLeft UIInterfaceOrientationLandscapeRight";
				INFOPLIST_KEY_UISupportedInterfaceOrientations_iPhone = "UIInterfaceOrientationPortrait UIInterfaceOrientationLandscapeLeft UIInterfaceOrientationLandscapeRight";
				IPHONEOS_DEPLOYMENT_TARGET = 17.6;
				LD_RUNPATH_SEARCH_PATHS = (
					"$(inherited)",
					"@executable_path/Frameworks",
				);
				MARKETING_VERSION = 1.0;
				PRODUCT_BUNDLE_IDENTIFIER = "Sky.Resolver-ios";
				PRODUCT_NAME = "$(TARGET_NAME)";
				SWIFT_EMIT_LOC_STRINGS = YES;
				SWIFT_VERSION = 5.0;
				TARGETED_DEVICE_FAMILY = "1,2";
			};
			name = Debug;
		};
		914780A32E3C25E900E2255A /* Release */ = {
			isa = XCBuildConfiguration;
			buildSettings = {
				ASSETCATALOG_COMPILER_APPICON_NAME = AppIcon;
				ASSETCATALOG_COMPILER_GLOBAL_ACCENT_COLOR_NAME = AccentColor;
				CODE_SIGN_STYLE = Automatic;
				CURRENT_PROJECT_VERSION = 1;
				ENABLE_PREVIEWS = YES;
				GENERATE_INFOPLIST_FILE = YES;
				INFOPLIST_KEY_UIApplicationSceneManifest_Generation = YES;
				INFOPLIST_KEY_UIApplicationSupportsIndirectInputEvents = YES;
				INFOPLIST_KEY_UILaunchScreen_Generation = YES;
				INFOPLIST_KEY_UISupportedInterfaceOrientations_iPad = "UIInterfaceOrientationPortrait UIInterfaceOrientationPortraitUpsideDown UIInterfaceOrientationLandscapeLeft UIInterfaceOrientationLandscapeRight";
				INFOPLIST_KEY_UISupportedInterfaceOrientations_iPhone = "UIInterfaceOrientationPortrait UIInterfaceOrientationLandscapeLeft UIInterfaceOrientationLandscapeRight";
				IPHONEOS_DEPLOYMENT_TARGET = 17.6;
				LD_RUNPATH_SEARCH_PATHS = (
					"$(inherited)",
					"@executable_path/Frameworks",
				);
				MARKETING_VERSION = 1.0;
				PRODUCT_BUNDLE_IDENTIFIER = "Sky.Resolver-ios";
				PRODUCT_NAME = "$(TARGET_NAME)";
				SWIFT_EMIT_LOC_STRINGS = YES;
				SWIFT_VERSION = 5.0;
				TARGETED_DEVICE_FAMILY = "1,2";
			};
			name = Release;
		};
		914780A52E3C25E900E2255A /* Debug */ = {
			isa = XCBuildConfiguration;
			buildSettings = {
				BUNDLE_LOADER = "$(TEST_HOST)";
				CODE_SIGN_STYLE = Automatic;
				CURRENT_PROJECT_VERSION = 1;
				GENERATE_INFOPLIST_FILE = YES;
				IPHONEOS_DEPLOYMENT_TARGET = 17.6;
				MARKETING_VERSION = 1.0;
				PRODUCT_BUNDLE_IDENTIFIER = "Sky.Resolver-iosTests";
				PRODUCT_NAME = "$(TARGET_NAME)";
				SWIFT_EMIT_LOC_STRINGS = NO;
				SWIFT_VERSION = 5.0;
				TARGETED_DEVICE_FAMILY = "1,2";
				TEST_HOST = "$(BUILT_PRODUCTS_DIR)/Resolver-ios.app/$(BUNDLE_EXECUTABLE_FOLDER_PATH)/Resolver-ios";
			};
			name = Debug;
		};
		914780A62E3C25E900E2255A /* Release */ = {
			isa = XCBuildConfiguration;
			buildSettings = {
				BUNDLE_LOADER = "$(TEST_HOST)";
				CODE_SIGN_STYLE = Automatic;
				CURRENT_PROJECT_VERSION = 1;
				GENERATE_INFOPLIST_FILE = YES;
				IPHONEOS_DEPLOYMENT_TARGET = 17.6;
				MARKETING_VERSION = 1.0;
				PRODUCT_BUNDLE_IDENTIFIER = "Sky.Resolver-iosTests";
				PRODUCT_NAME = "$(TARGET_NAME)";
				SWIFT_EMIT_LOC_STRINGS = NO;
				SWIFT_VERSION = 5.0;
				TARGETED_DEVICE_FAMILY = "1,2";
				TEST_HOST = "$(BUILT_PRODUCTS_DIR)/Resolver-ios.app/$(BUNDLE_EXECUTABLE_FOLDER_PATH)/Resolver-ios";
			};
			name = Release;
		};
		914780A82E3C25E900E2255A /* Debug */ = {
			isa = XCBuildConfiguration;
			buildSettings = {
				CODE_SIGN_STYLE = Automatic;
				CURRENT_PROJECT_VERSION = 1;
				GENERATE_INFOPLIST_FILE = YES;
				IPHONEOS_DEPLOYMENT_TARGET = 17.6;
				MARKETING_VERSION = 1.0;
				PRODUCT_BUNDLE_IDENTIFIER = "Sky.Resolver-iosUITests";
				PRODUCT_NAME = "$(TARGET_NAME)";
				SWIFT_EMIT_LOC_STRINGS = NO;
				SWIFT_VERSION = 5.0;
				TARGETED_DEVICE_FAMILY = "1,2";
				TEST_TARGET_NAME = "Resolver-ios";
			};
			name = Debug;
		};
		914780A92E3C25E900E2255A /* Release */ = {
			isa = XCBuildConfiguration;
			buildSettings = {
				CODE_SIGN_STYLE = Automatic;
				CURRENT_PROJECT_VERSION = 1;
				GENERATE_INFOPLIST_FILE = YES;
				IPHONEOS_DEPLOYMENT_TARGET = 17.6;
				MARKETING_VERSION = 1.0;
				PRODUCT_BUNDLE_IDENTIFIER = "Sky.Resolver-iosUITests";
				PRODUCT_NAME = "$(TARGET_NAME)";
				SWIFT_EMIT_LOC_STRINGS = NO;
				SWIFT_VERSION = 5.0;
				TARGETED_DEVICE_FAMILY = "1,2";
				TEST_TARGET_NAME = "Resolver-ios";
			};
			name = Release;
		};
/* End XCBuildConfiguration section */

/* Begin XCConfigurationList section */
		9147807B2E3C25E700E2255A /* Build configuration list for PBXProject "Resolver-ios" */ = {
			isa = XCConfigurationList;
			buildConfigurations = (
				9147809F2E3C25E900E2255A /* Debug */,
				914780A02E3C25E900E2255A /* Release */,
			);
			defaultConfigurationIsVisible = 0;
			defaultConfigurationName = Release;
		};
		914780A12E3C25E900E2255A /* Build configuration list for PBXNativeTarget "Resolver-ios" */ = {
			isa = XCConfigurationList;
			buildConfigurations = (
				914780A22E3C25E900E2255A /* Debug */,
				914780A32E3C25E900E2255A /* Release */,
			);
			defaultConfigurationIsVisible = 0;
			defaultConfigurationName = Release;
		};
		914780A42E3C25E900E2255A /* Build configuration list for PBXNativeTarget "Resolver-iosTests" */ = {
			isa = XCConfigurationList;
			buildConfigurations = (
				914780A52E3C25E900E2255A /* Debug */,
				914780A62E3C25E900E2255A /* Release */,
			);
			defaultConfigurationIsVisible = 0;
			defaultConfigurationName = Release;
		};
		914780A72E3C25E900E2255A /* Build configuration list for PBXNativeTarget "Resolver-iosUITests" */ = {
			isa = XCConfigurationList;
			buildConfigurations = (
				914780A82E3C25E900E2255A /* Debug */,
				914780A92E3C25E900E2255A /* Release */,
			);
			defaultConfigurationIsVisible = 0;
			defaultConfigurationName = Release;
		};
/* End XCConfigurationList section */
	};
	rootObject = 914780782E3C25E700E2255A /* Project object */;
}
